
Microsoft Visual Studio Solution File, Format Version 12.00
# Visual Studio Version 17
VisualStudioVersion = 17.3.32901.215
MinimumVisualStudioVersion = 10.0.40219.1
Project("{FAE04EC0-301F-11D3-BF4B-00C04F79EFBC}") = "PAL_Angular", "PAL_Angular.csproj", "{55BAE64D-CA1B-49B6-98C4-2917F5A393C4}"
EndProject
Global
	GlobalSection(SolutionConfigurationPlatforms) = preSolution
		Debug|Any CPU = Debug|Any CPU
		Release|Any CPU = Release|Any CPU
	EndGlobalSection
	GlobalSection(ProjectConfigurationPlatforms) = postSolution
		{55BAE64D-CA1B-49B6-98C4-2917F5A393C4}.Debug|Any CPU.ActiveCfg = Debug|Any CPU
		{55BAE64D-CA1B-49B6-98C4-2917F5A393C4}.Debug|Any CPU.Build.0 = Debug|Any CPU
		{55BAE64D-CA1B-49B6-98C4-2917F5A393C4}.Release|Any CPU.ActiveCfg = Release|Any CPU
		{55BAE64D-CA1B-49B6-98C4-2917F5A393C4}.Release|Any CPU.Build.0 = Release|Any CPU
	EndGlobalSection
	GlobalSection(SolutionProperties) = preSolution
		HideSolutionNode = FALSE
	EndGlobalSection
	GlobalSection(ExtensibilityGlobals) = postSolution
		SolutionGuid = {C19DF82B-A09E-4810-9380-0835A282FE42}
	EndGlobalSection
EndGlobal
